
Microsoft Visual Studio Solution File, Format Version 12.00
# Visual Studio 15
VisualStudioVersion = 15.0.28307.1000
MinimumVisualStudioVersion = 10.0.40219.1
Project("{FAE04EC0-301F-11D3-BF4B-00C04F79EFBC}") = "My-AD-Shop.Core", "My-AD-Shop.Core\My-AD-Shop.Core.csproj", "{6B7C6BF3-3702-4CAB-A747-7FD825C85D3E}"
EndProject
Project("{FAE04EC0-301F-11D3-BF4B-00C04F79EFBC}") = "My-AD-Shop.Services", "My-AD-Shop.Services\My-AD-Shop.Services.csproj", "{4CA56DAE-55BB-4BFA-9C6D-61DD9643A782}"
EndProject
Project("{FAE04EC0-301F-11D3-BF4B-00C04F79EFBC}") = "My-AD-Shop.DataAccess.SQL", "My-AD-Shop.DataAccess.SQL\My-AD-Shop.DataAccess.SQL.csproj", "{6EA5C75E-404C-43B5-845E-FAF66C9A1023}"
EndProject
Project("{FAE04EC0-301F-11D3-BF4B-00C04F79EFBC}") = "My-AD-Shop.DataAccess.InMemory", "My-AD-Shop.DataAccess.InMemory\My-AD-Shop.DataAccess.InMemory.csproj", "{7FFE6AA8-E93C-4E6C-A1BC-0B6C5AED6C1E}"
EndProject
Project("{FAE04EC0-301F-11D3-BF4B-00C04F79EFBC}") = "My-AD-Shop.WebUI", "My-AD-Shop.WebUI\My-AD-Shop.WebUI.csproj", "{D26B372D-8451-4225-94DB-17907E2A19D4}"
EndProject
Project("{FAE04EC0-301F-11D3-BF4B-00C04F79EFBC}") = "My-AD-Shop.WebUI.Tests", "My-AD-Shop.WebUI.Tests\My-AD-Shop.WebUI.Tests.csproj", "{C0891F76-3732-4DB0-B247-A13D0DBA8C4D}"
EndProject
Global
	GlobalSection(SolutionConfigurationPlatforms) = preSolution
		Debug|Any CPU = Debug|Any CPU
		Release|Any CPU = Release|Any CPU
	EndGlobalSection
	GlobalSection(ProjectConfigurationPlatforms) = postSolution
		{6B7C6BF3-3702-4CAB-A747-7FD825C85D3E}.Debug|Any CPU.ActiveCfg = Debug|Any CPU
		{6B7C6BF3-3702-4CAB-A747-7FD825C85D3E}.Debug|Any CPU.Build.0 = Debug|Any CPU
		{6B7C6BF3-3702-4CAB-A747-7FD825C85D3E}.Release|Any CPU.ActiveCfg = Release|Any CPU
		{6B7C6BF3-3702-4CAB-A747-7FD825C85D3E}.Release|Any CPU.Build.0 = Release|Any CPU
		{4CA56DAE-55BB-4BFA-9C6D-61DD9643A782}.Debug|Any CPU.ActiveCfg = Debug|Any CPU
		{4CA56DAE-55BB-4BFA-9C6D-61DD9643A782}.Debug|Any CPU.Build.0 = Debug|Any CPU
		{4CA56DAE-55BB-4BFA-9C6D-61DD9643A782}.Release|Any CPU.ActiveCfg = Release|Any CPU
		{4CA56DAE-55BB-4BFA-9C6D-61DD9643A782}.Release|Any CPU.Build.0 = Release|Any CPU
		{6EA5C75E-404C-43B5-845E-FAF66C9A1023}.Debug|Any CPU.ActiveCfg = Debug|Any CPU
		{6EA5C75E-404C-43B5-845E-FAF66C9A1023}.Debug|Any CPU.Build.0 = Debug|Any CPU
		{6EA5C75E-404C-43B5-845E-FAF66C9A1023}.Release|Any CPU.ActiveCfg = Release|Any CPU
		{6EA5C75E-404C-43B5-845E-FAF66C9A1023}.Release|Any CPU.Build.0 = Release|Any CPU
		{7FFE6AA8-E93C-4E6C-A1BC-0B6C5AED6C1E}.Debug|Any CPU.ActiveCfg = Debug|Any CPU
		{7FFE6AA8-E93C-4E6C-A1BC-0B6C5AED6C1E}.Debug|Any CPU.Build.0 = Debug|Any CPU
		{7FFE6AA8-E93C-4E6C-A1BC-0B6C5AED6C1E}.Release|Any CPU.ActiveCfg = Release|Any CPU
		{7FFE6AA8-E93C-4E6C-A1BC-0B6C5AED6C1E}.Release|Any CPU.Build.0 = Release|Any CPU
		{D26B372D-8451-4225-94DB-17907E2A19D4}.Debug|Any CPU.ActiveCfg = Debug|Any CPU
		{D26B372D-8451-4225-94DB-17907E2A19D4}.Debug|Any CPU.Build.0 = Debug|Any CPU
		{D26B372D-8451-4225-94DB-17907E2A19D4}.Release|Any CPU.ActiveCfg = Release|Any CPU
		{D26B372D-8451-4225-94DB-17907E2A19D4}.Release|Any CPU.Build.0 = Release|Any CPU
		{C0891F76-3732-4DB0-B247-A13D0DBA8C4D}.Debug|Any CPU.ActiveCfg = Debug|Any CPU
		{C0891F76-3732-4DB0-B247-A13D0DBA8C4D}.Debug|Any CPU.Build.0 = Debug|Any CPU
		{C0891F76-3732-4DB0-B247-A13D0DBA8C4D}.Release|Any CPU.ActiveCfg = Release|Any CPU
		{C0891F76-3732-4DB0-B247-A13D0DBA8C4D}.Release|Any CPU.Build.0 = Release|Any CPU
	EndGlobalSection
	GlobalSection(SolutionProperties) = preSolution
		HideSolutionNode = FALSE
	EndGlobalSection
	GlobalSection(ExtensibilityGlobals) = postSolution
		SolutionGuid = {380D3E5C-7A48-4B7C-AD1A-C429A859BD3E}
	EndGlobalSection
EndGlobal
